
Microsoft Visual Studio Solution File, Format Version 12.00
# Visual Studio 15
Project("{FAE04EC0-301F-11D3-BF4B-00C04F79EFBC}") = "Assembly-CSharp", "Assembly-CSharp.csproj", "{F1E6E416-263B-599B-4801-BEE66887CC75}"
EndProject
Project("{FAE04EC0-301F-11D3-BF4B-00C04F79EFBC}") = "Unity.2DPlatformer.Tutorials", "Unity.2DPlatformer.Tutorials.csproj", "{C61D73EF-CC1B-6BF0-76A5-D4AE7C36A274}"
EndProject
Project("{FAE04EC0-301F-11D3-BF4B-00C04F79EFBC}") = "Unity.Platformer.Tutorials", "Unity.Platformer.Tutorials.csproj", "{7F0E480B-EAEE-20D3-33DF-1D5AFEA81205}"
EndProject
Project("{FAE04EC0-301F-11D3-BF4B-00C04F79EFBC}") = "Assembly-CSharp-Editor", "Assembly-CSharp-Editor.csproj", "{CCAADCA8-FAD4-1A14-91B3-01D0175D7758}"
EndProject
Global
	GlobalSection(SolutionConfigurationPlatforms) = preSolution
		Debug|Any CPU = Debug|Any CPU
		Release|Any CPU = Release|Any CPU
	EndGlobalSection
	GlobalSection(ProjectConfigurationPlatforms) = postSolution
		{F1E6E416-263B-599B-4801-BEE66887CC75}.Debug|Any CPU.ActiveCfg = Debug|Any CPU
		{F1E6E416-263B-599B-4801-BEE66887CC75}.Debug|Any CPU.Build.0 = Debug|Any CPU
		{F1E6E416-263B-599B-4801-BEE66887CC75}.Release|Any CPU.ActiveCfg = Release|Any CPU
		{F1E6E416-263B-599B-4801-BEE66887CC75}.Release|Any CPU.Build.0 = Release|Any CPU
		{C61D73EF-CC1B-6BF0-76A5-D4AE7C36A274}.Debug|Any CPU.ActiveCfg = Debug|Any CPU
		{C61D73EF-CC1B-6BF0-76A5-D4AE7C36A274}.Debug|Any CPU.Build.0 = Debug|Any CPU
		{C61D73EF-CC1B-6BF0-76A5-D4AE7C36A274}.Release|Any CPU.ActiveCfg = Release|Any CPU
		{C61D73EF-CC1B-6BF0-76A5-D4AE7C36A274}.Release|Any CPU.Build.0 = Release|Any CPU
		{7F0E480B-EAEE-20D3-33DF-1D5AFEA81205}.Debug|Any CPU.ActiveCfg = Debug|Any CPU
		{7F0E480B-EAEE-20D3-33DF-1D5AFEA81205}.Debug|Any CPU.Build.0 = Debug|Any CPU
		{7F0E480B-EAEE-20D3-33DF-1D5AFEA81205}.Release|Any CPU.ActiveCfg = Release|Any CPU
		{7F0E480B-EAEE-20D3-33DF-1D5AFEA81205}.Release|Any CPU.Build.0 = Release|Any CPU
		{CCAADCA8-FAD4-1A14-91B3-01D0175D7758}.Debug|Any CPU.ActiveCfg = Debug|Any CPU
		{CCAADCA8-FAD4-1A14-91B3-01D0175D7758}.Debug|Any CPU.Build.0 = Debug|Any CPU
		{CCAADCA8-FAD4-1A14-91B3-01D0175D7758}.Release|Any CPU.ActiveCfg = Release|Any CPU
		{CCAADCA8-FAD4-1A14-91B3-01D0175D7758}.Release|Any CPU.Build.0 = Release|Any CPU
	EndGlobalSection
	GlobalSection(SolutionProperties) = preSolution
		HideSolutionNode = FALSE
	EndGlobalSection
EndGlobal
